
Microsoft Visual Studio Solution File, Format Version 12.00
# Visual Studio Version 17
VisualStudioVersion = 17.14.37012.4
MinimumVisualStudioVersion = 10.0.40219.1
Project("{FAE04EC0-301F-11D3-BF4B-00C04F79EFBC}") = "MiniIdp", "MiniIdp\MiniIdp.csproj", "{5B7EFC4B-B310-43E6-A28B-258A6AB90C09}"
EndProject
Project("{FAE04EC0-301F-11D3-BF4B-00C04F79EFBC}") = "Portal.Web", "Portal.Web\Portal.Web.csproj", "{B407AA41-5A90-4D16-B7C7-4CE5B7E77180}"
EndProject
Project("{FAE04EC0-301F-11D3-BF4B-00C04F79EFBC}") = "SystemA.Web", "SystemA.Web\SystemA.Web.csproj", "{F8941627-6A7D-4221-9D97-7EDEA3C6DABA}"
EndProject
Project("{FAE04EC0-301F-11D3-BF4B-00C04F79EFBC}") = "SystemB.Web", "SystemB.Web\SystemB.Web.csproj", "{02788B2A-46CF-4E08-95C5-0E732F51A01D}"
EndProject
Project("{FAE04EC0-301F-11D3-BF4B-00C04F79EFBC}") = "ResourceA.Api", "ResourceA.Api\ResourceA.Api.csproj", "{AC7F664E-08FC-4CF2-ABEA-718FF690A896}"
EndProject
Global
	GlobalSection(SolutionConfigurationPlatforms) = preSolution
		Debug|Any CPU = Debug|Any CPU
		Release|Any CPU = Release|Any CPU
	EndGlobalSection
	GlobalSection(ProjectConfigurationPlatforms) = postSolution
		{5B7EFC4B-B310-43E6-A28B-258A6AB90C09}.Debug|Any CPU.ActiveCfg = Debug|Any CPU
		{5B7EFC4B-B310-43E6-A28B-258A6AB90C09}.Debug|Any CPU.Build.0 = Debug|Any CPU
		{5B7EFC4B-B310-43E6-A28B-258A6AB90C09}.Release|Any CPU.ActiveCfg = Release|Any CPU
		{5B7EFC4B-B310-43E6-A28B-258A6AB90C09}.Release|Any CPU.Build.0 = Release|Any CPU
		{B407AA41-5A90-4D16-B7C7-4CE5B7E77180}.Debug|Any CPU.ActiveCfg = Debug|Any CPU
		{B407AA41-5A90-4D16-B7C7-4CE5B7E77180}.Debug|Any CPU.Build.0 = Debug|Any CPU
		{B407AA41-5A90-4D16-B7C7-4CE5B7E77180}.Release|Any CPU.ActiveCfg = Release|Any CPU
		{B407AA41-5A90-4D16-B7C7-4CE5B7E77180}.Release|Any CPU.Build.0 = Release|Any CPU
		{F8941627-6A7D-4221-9D97-7EDEA3C6DABA}.Debug|Any CPU.ActiveCfg = Debug|Any CPU
		{F8941627-6A7D-4221-9D97-7EDEA3C6DABA}.Debug|Any CPU.Build.0 = Debug|Any CPU
		{F8941627-6A7D-4221-9D97-7EDEA3C6DABA}.Release|Any CPU.ActiveCfg = Release|Any CPU
		{F8941627-6A7D-4221-9D97-7EDEA3C6DABA}.Release|Any CPU.Build.0 = Release|Any CPU
		{02788B2A-46CF-4E08-95C5-0E732F51A01D}.Debug|Any CPU.ActiveCfg = Debug|Any CPU
		{02788B2A-46CF-4E08-95C5-0E732F51A01D}.Debug|Any CPU.Build.0 = Debug|Any CPU
		{02788B2A-46CF-4E08-95C5-0E732F51A01D}.Release|Any CPU.ActiveCfg = Release|Any CPU
		{02788B2A-46CF-4E08-95C5-0E732F51A01D}.Release|Any CPU.Build.0 = Release|Any CPU
		{AC7F664E-08FC-4CF2-ABEA-718FF690A896}.Debug|Any CPU.ActiveCfg = Debug|Any CPU
		{AC7F664E-08FC-4CF2-ABEA-718FF690A896}.Debug|Any CPU.Build.0 = Debug|Any CPU
		{AC7F664E-08FC-4CF2-ABEA-718FF690A896}.Release|Any CPU.ActiveCfg = Release|Any CPU
		{AC7F664E-08FC-4CF2-ABEA-718FF690A896}.Release|Any CPU.Build.0 = Release|Any CPU
	EndGlobalSection
	GlobalSection(SolutionProperties) = preSolution
		HideSolutionNode = FALSE
	EndGlobalSection
	GlobalSection(ExtensibilityGlobals) = postSolution
		SolutionGuid = {0E787D35-9843-465F-881E-49F53EC84B91}
	EndGlobalSection
EndGlobal
